
Microsoft Visual Studio Solution File, Format Version 12.00
# Visual Studio Version 16
VisualStudioVersion = 16.0.29905.134
MinimumVisualStudioVersion = 10.0.40219.1
Project("{FAE04EC0-301F-11D3-BF4B-00C04F79EFBC}") = "NNS_Project", "NNS_Project.csproj", "{24DA34A4-5165-408D-A294-020B3970253B}"
EndProject
Global
	GlobalSection(SolutionConfigurationPlatforms) = preSolution
		Debug|Any CPU = Debug|Any CPU
		Release|Any CPU = Release|Any CPU
	EndGlobalSection
	GlobalSection(ProjectConfigurationPlatforms) = postSolution
		{24DA34A4-5165-408D-A294-020B3970253B}.Debug|Any CPU.ActiveCfg = Debug|Any CPU
		{24DA34A4-5165-408D-A294-020B3970253B}.Debug|Any CPU.Build.0 = Debug|Any CPU
		{24DA34A4-5165-408D-A294-020B3970253B}.Release|Any CPU.ActiveCfg = Release|Any CPU
		{24DA34A4-5165-408D-A294-020B3970253B}.Release|Any CPU.Build.0 = Release|Any CPU
	EndGlobalSection
	GlobalSection(SolutionProperties) = preSolution
		HideSolutionNode = FALSE
	EndGlobalSection
	GlobalSection(ExtensibilityGlobals) = postSolution
		SolutionGuid = {D736E585-007F-42B6-B57F-F93E70CAE347}
	EndGlobalSection
EndGlobal
